// !$*UTF8*$!
{
	archiveVersion = 1;
	classes = {
	};
	objectVersion = 50;
	objects = {

/* Begin PBXBuildFile section */
		DB57B5C4262C426200E10491 /* PizzaAnnotation.swift in Sources */ = {isa = PBXBuildFile; fileRef = DB57B5C3262C426200E10491 /* PizzaAnnotation.swift */; };
		DB57B5C7262C48E700E10491 /* PizzaHistoryAnnotations.swift in Sources */ = {isa = PBXBuildFile; fileRef = DB57B5C6262C48E700E10491 /* PizzaHistoryAnnotations.swift */; };
		DB57B5D1262C52D200E10491 /* AnnotationDetailViewController.xib in Resources */ = {isa = PBXBuildFile; fileRef = DB57B5CF262C52D200E10491 /* AnnotationDetailViewController.xib */; };
		DB57B5D2262C52D200E10491 /* AnnotationDetailViewController.swift in Sources */ = {isa = PBXBuildFile; fileRef = DB57B5D0262C52D200E10491 /* AnnotationDetailViewController.swift */; };
		DBDB1349262B7E35004C82BD /* AppDelegate.swift in Sources */ = {isa = PBXBuildFile; fileRef = DBDB1348262B7E35004C82BD /* AppDelegate.swift */; };
		DBDB134B262B7E35004C82BD /* SceneDelegate.swift in Sources */ = {isa = PBXBuildFile; fileRef = DBDB134A262B7E35004C82BD /* SceneDelegate.swift */; };
		DBDB134D262B7E35004C82BD /* ViewController.swift in Sources */ = {isa = PBXBuildFile; fileRef = DBDB134C262B7E35004C82BD /* ViewController.swift */; };
		DBDB1350262B7E35004C82BD /* Main.storyboard in Resources */ = {isa = PBXBuildFile; fileRef = DBDB134E262B7E35004C82BD /* Main.storyboard */; };
		DBDB1352262B7E39004C82BD /* Assets.xcassets in Resources */ = {isa = PBXBuildFile; fileRef = DBDB1351262B7E39004C82BD /* Assets.xcassets */; };
		DBDB1355262B7E3A004C82BD /* LaunchScreen.storyboard in Resources */ = {isa = PBXBuildFile; fileRef = DBDB1353262B7E3A004C82BD /* LaunchScreen.storyboard */; };
		DBDB135F262B7E6D004C82BD /* MapKit.framework in Frameworks */ = {isa = PBXBuildFile; fileRef = DBDB135E262B7E6D004C82BD /* MapKit.framework */; };
/* End PBXBuildFile section */

/* Begin PBXFileReference section */
		DB57B5C3262C426200E10491 /* PizzaAnnotation.swift */ = {isa = PBXFileReference; lastKnownFileType = sourcecode.swift; path = PizzaAnnotation.swift; sourceTree = "<group>"; };
		DB57B5C6262C48E700E10491 /* PizzaHistoryAnnotations.swift */ = {isa = PBXFileReference; lastKnownFileType = sourcecode.swift; path = PizzaHistoryAnnotations.swift; sourceTree = "<group>"; };
		DB57B5CF262C52D200E10491 /* AnnotationDetailViewController.xib */ = {isa = PBXFileReference; fileEncoding = 4; lastKnownFileType = file.xib; path = AnnotationDetailViewController.xib; sourceTree = "<group>"; };
		DB57B5D0262C52D200E10491 /* AnnotationDetailViewController.swift */ = {isa = PBXFileReference; fileEncoding = 4; lastKnownFileType = sourcecode.swift; path = AnnotationDetailViewController.swift; sourceTree = "<group>"; };
		DBDB1345262B7E35004C82BD /* Land.app */ = {isa = PBXFileReference; explicitFileType = wrapper.application; includeInIndex = 0; path = Land.app; sourceTree = BUILT_PRODUCTS_DIR; };
		DBDB1348262B7E35004C82BD /* AppDelegate.swift */ = {isa = PBXFileReference; lastKnownFileType = sourcecode.swift; path = AppDelegate.swift; sourceTree = "<group>"; };
		DBDB134A262B7E35004C82BD /* SceneDelegate.swift */ = {isa = PBXFileReference; lastKnownFileType = sourcecode.swift; path = SceneDelegate.swift; sourceTree = "<group>"; };
		DBDB134C262B7E35004C82BD /* ViewController.swift */ = {isa = PBXFileReference; lastKnownFileType = sourcecode.swift; path = ViewController.swift; sourceTree = "<group>"; };
		DBDB134F262B7E35004C82BD /* Base */ = {isa = PBXFileReference; lastKnownFileType = file.storyboard; name = Base; path = Base.lproj/Main.storyboard; sourceTree = "<group>"; };
		DBDB1351262B7E39004C82BD /* Assets.xcassets */ = {isa = PBXFileReference; lastKnownFileType = folder.assetcatalog; path = Assets.xcassets; sourceTree = "<group>"; };
		DBDB1354262B7E3A004C82BD /* Base */ = {isa = PBXFileReference; lastKnownFileType = file.storyboard; name = Base; path = Base.lproj/LaunchScreen.storyboard; sourceTree = "<group>"; };
		DBDB1356262B7E3A004C82BD /* Info.plist */ = {isa = PBXFileReference; lastKnownFileType = text.plist.xml; path = Info.plist; sourceTree = "<group>"; };
		DBDB135E262B7E6D004C82BD /* MapKit.framework */ = {isa = PBXFileReference; lastKnownFileType = wrapper.framework; name = MapKit.framework; path = System/Library/Frameworks/MapKit.framework; sourceTree = SDKROOT; };
/* End PBXFileReference section */

/* Begin PBXFrameworksBuildPhase section */
		DBDB1342262B7E35004C82BD /* Frameworks */ = {
			isa = PBXFrameworksBuildPhase;
			buildActionMask = 2147483647;
			files = (
				DBDB135F262B7E6D004C82BD /* MapKit.framework in Frameworks */,
			);
			runOnlyForDeploymentPostprocessing = 0;
		};
/* End PBXFrameworksBuildPhase section */

/* Begin PBXGroup section */
		DBDB133C262B7E35004C82BD = {
			isa = PBXGroup;
			children = (
				DBDB1347262B7E35004C82BD /* Land */,
				DBDB1346262B7E35004C82BD /* Products */,
				DBDB135D262B7E6D004C82BD /* Frameworks */,
			);
			sourceTree = "<group>";
		};
		DBDB1346262B7E35004C82BD /* Products */ = {
			isa = PBXGroup;
			children = (
				DBDB1345262B7E35004C82BD /* Land.app */,
			);
			name = Products;
			sourceTree = "<group>";
		};
		DBDB1347262B7E35004C82BD /* Land */ = {
			isa = PBXGroup;
			children = (
				DB57B5D0262C52D200E10491 /* AnnotationDetailViewController.swift */,
				DB57B5CF262C52D200E10491 /* AnnotationDetailViewController.xib */,
				DBDB1348262B7E35004C82BD /* AppDelegate.swift */,
				DBDB134A262B7E35004C82BD /* SceneDelegate.swift */,
				DBDB134C262B7E35004C82BD /* ViewController.swift */,
				DBDB134E262B7E35004C82BD /* Main.storyboard */,
				DBDB1351262B7E39004C82BD /* Assets.xcassets */,
				DBDB1353262B7E3A004C82BD /* LaunchScreen.storyboard */,
				DBDB1356262B7E3A004C82BD /* Info.plist */,
				DB57B5C3262C426200E10491 /* PizzaAnnotation.swift */,
				DB57B5C6262C48E700E10491 /* PizzaHistoryAnnotations.swift */,
			);
			path = Land;
			sourceTree = "<group>";
		};
		DBDB135D262B7E6D004C82BD /* Frameworks */ = {
			isa = PBXGroup;
			children = (
				DBDB135E262B7E6D004C82BD /* MapKit.framework */,
			);
			name = Frameworks;
			sourceTree = "<group>";
		};
/* End PBXGroup section */

/* Begin PBXNativeTarget section */
		DBDB1344262B7E35004C82BD /* Land */ = {
			isa = PBXNativeTarget;
			buildConfigurationList = DBDB1359262B7E3A004C82BD /* Build configuration list for PBXNativeTarget "Land" */;
			buildPhases = (
				DBDB1341262B7E35004C82BD /* Sources */,
				DBDB1342262B7E35004C82BD /* Frameworks */,
				DBDB1343262B7E35004C82BD /* Resources */,
			);
			buildRules = (
			);
			dependencies = (
			);
			name = Land;
			productName = Land;
			productReference = DBDB1345262B7E35004C82BD /* Land.app */;
			productType = "com.apple.product-type.application";
		};
/* End PBXNativeTarget section */

/* Begin PBXProject section */
		DBDB133D262B7E35004C82BD /* Project object */ = {
			isa = PBXProject;
			attributes = {
				LastSwiftUpdateCheck = 1240;
				LastUpgradeCheck = 1240;
				ORGANIZATIONNAME = MEMTARHAN;
				TargetAttributes = {
					DBDB1344262B7E35004C82BD = {
						CreatedOnToolsVersion = 12.4;
					};
				};
			};
			buildConfigurationList = DBDB1340262B7E35004C82BD /* Build configuration list for PBXProject "Land" */;
			compatibilityVersion = "Xcode 9.3";
			developmentRegion = en;
			hasScannedForEncodings = 0;
			knownRegions = (
				en,
				Base,
			);
			mainGroup = DBDB133C262B7E35004C82BD;
			productRefGroup = DBDB1346262B7E35004C82BD /* Products */;
			projectDirPath = "";
			projectRoot = "";
			targets = (
				DBDB1344262B7E35004C82BD /* Land */,
			);
		};
/* End PBXProject section */

/* Begin PBXResourcesBuildPhase section */
		DBDB1343262B7E35004C82BD /* Resources */ = {
			isa = PBXResourcesBuildPhase;
			buildActionMask = 2147483647;
			files = (
				DB57B5D1262C52D200E10491 /* AnnotationDetailViewController.xib in Resources */,
				DBDB1355262B7E3A004C82BD /* LaunchScreen.storyboard in Resources */,
				DBDB1352262B7E39004C82BD /* Assets.xcassets in Resources */,
				DBDB1350262B7E35004C82BD /* Main.storyboard in Resources */,
			);
			runOnlyForDeploymentPostprocessing = 0;
		};
/* End PBXResourcesBuildPhase section */

/* Begin PBXSourcesBuildPhase section */
		DBDB1341262B7E35004C82BD /* Sources */ = {
			isa = PBXSourcesBuildPhase;
			buildActionMask = 2147483647;
			files = (
				DBDB134D262B7E35004C82BD /* ViewController.swift in Sources */,
				DB57B5C7262C48E700E10491 /* PizzaHistoryAnnotations.swift in Sources */,
				DB57B5C4262C426200E10491 /* PizzaAnnotation.swift in Sources */,
				DBDB1349262B7E35004C82BD /* AppDelegate.swift in Sources */,
				DB57B5D2262C52D200E10491 /* AnnotationDetailViewController.swift in Sources */,
				DBDB134B262B7E35004C82BD /* SceneDelegate.swift in Sources */,
			);
			runOnlyForDeploymentPostprocessing = 0;
		};
/* End PBXSourcesBuildPhase section */

/* Begin PBXVariantGroup section */
		DBDB134E262B7E35004C82BD /* Main.storyboard */ = {
			isa = PBXVariantGroup;
			children = (
				DBDB134F262B7E35004C82BD /* Base */,
			);
			name = Main.storyboard;
			sourceTree = "<group>";
		};
		DBDB1353262B7E3A004C82BD /* LaunchScreen.storyboard */ = {
			isa = PBXVariantGroup;
			children = (
				DBDB1354262B7E3A004C82BD /* Base */,
			);
			name = LaunchScreen.storyboard;
			sourceTree = "<group>";
		};
/* End PBXVariantGroup section */

/* Begin XCBuildConfiguration section */
		DBDB1357262B7E3A004C82BD /* Debug */ = {
			isa = XCBuildConfiguration;
			buildSettings = {
				ALWAYS_SEARCH_USER_PATHS = NO;
				CLANG_ANALYZER_NONNULL = YES;
				CLANG_ANALYZER_NUMBER_OBJECT_CONVERSION = YES_AGGRESSIVE;
				CLANG_CXX_LANGUAGE_STANDARD = "gnu++14";
				CLANG_CXX_LIBRARY = "libc++";
				CLANG_ENABLE_MODULES = YES;
				CLANG_ENABLE_OBJC_ARC = YES;
				CLANG_ENABLE_OBJC_WEAK = YES;
				CLANG_WARN_BLOCK_CAPTURE_AUTORELEASING = YES;
				CLANG_WARN_BOOL_CONVERSION = YES;
				CLANG_WARN_COMMA = YES;
				CLANG_WARN_CONSTANT_CONVERSION = YES;
				CLANG_WARN_DEPRECATED_OBJC_IMPLEMENTATIONS = YES;
				CLANG_WARN_DIRECT_OBJC_ISA_USAGE = YES_ERROR;
				CLANG_WARN_DOCUMENTATION_COMMENTS = YES;
				CLANG_WARN_EMPTY_BODY = YES;
				CLANG_WARN_ENUM_CONVERSION = YES;
				CLANG_WARN_INFINITE_RECURSION = YES;
				CLANG_WARN_INT_CONVERSION = YES;
				CLANG_WARN_NON_LITERAL_NULL_CONVERSION = YES;
				CLANG_WARN_OBJC_IMPLICIT_RETAIN_SELF = YES;
				CLANG_WARN_OBJC_LITERAL_CONVERSION = YES;
				CLANG_WARN_OBJC_ROOT_CLASS = YES_ERROR;
				CLANG_WARN_QUOTED_INCLUDE_IN_FRAMEWORK_HEADER = YES;
				CLANG_WARN_RANGE_LOOP_ANALYSIS = YES;
				CLANG_WARN_STRICT_PROTOTYPES = YES;
				CLANG_WARN_SUSPICIOUS_MOVE = YES;
				CLANG_WARN_UNGUARDED_AVAILABILITY = YES_AGGRESSIVE;
				CLANG_WARN_UNREACHABLE_CODE = YES;
				CLANG_WARN__DUPLICATE_METHOD_MATCH = YES;
				COPY_PHASE_STRIP = NO;
				DEBUG_INFORMATION_FORMAT = dwarf;
				ENABLE_STRICT_OBJC_MSGSEND = YES;
				ENABLE_TESTABILITY = YES;
				GCC_C_LANGUAGE_STANDARD = gnu11;
				GCC_DYNAMIC_NO_PIC = NO;
				GCC_NO_COMMON_BLOCKS = YES;
				GCC_OPTIMIZATION_LEVEL = 0;
				GCC_PREPROCESSOR_DEFINITIONS = (
					"DEBUG=1",
					"$(inherited)",
				);
				GCC_WARN_64_TO_32_BIT_CONVERSION = YES;
				GCC_WARN_ABOUT_RETURN_TYPE = YES_ERROR;
				GCC_WARN_UNDECLARED_SELECTOR = YES;
				GCC_WARN_UNINITIALIZED_AUTOS = YES_AGGRESSIVE;
				GCC_WARN_UNUSED_FUNCTION = YES;
				GCC_WARN_UNUSED_VARIABLE = YES;
				IPHONEOS_DEPLOYMENT_TARGET = 14.4;
				MTL_ENABLE_DEBUG_INFO = INCLUDE_SOURCE;
				MTL_FAST_MATH = YES;
				ONLY_ACTIVE_ARCH = YES;
				SDKROOT = iphoneos;
				SWIFT_ACTIVE_COMPILATION_CONDITIONS = DEBUG;
				SWIFT_OPTIMIZATION_LEVEL = "-Onone";
			};
			name = Debug;
		};
		DBDB1358262B7E3A004C82BD /* Release */ = {
			isa = XCBuildConfiguration;
			buildSettings = {
				ALWAYS_SEARCH_USER_PATHS = NO;
				CLANG_ANALYZER_NONNULL = YES;
				CLANG_ANALYZER_NUMBER_OBJECT_CONVERSION = YES_AGGRESSIVE;
				CLANG_CXX_LANGUAGE_STANDARD = "gnu++14";
				CLANG_CXX_LIBRARY = "libc++";
				CLANG_ENABLE_MODULES = YES;
				CLANG_ENABLE_OBJC_ARC = YES;
				CLANG_ENABLE_OBJC_WEAK = YES;
				CLANG_WARN_BLOCK_CAPTURE_AUTORELEASING = YES;
				CLANG_WARN_BOOL_CONVERSION = YES;
				CLANG_WARN_COMMA = YES;
				CLANG_WARN_CONSTANT_CONVERSION = YES;
				CLANG_WARN_DEPRECATED_OBJC_IMPLEMENTATIONS = YES;
				CLANG_WARN_DIRECT_OBJC_ISA_USAGE = YES_ERROR;
				CLANG_WARN_DOCUMENTATION_COMMENTS = YES;
				CLANG_WARN_EMPTY_BODY = YES;
				CLANG_WARN_ENUM_CONVERSION = YES;
				CLANG_WARN_INFINITE_RECURSION = YES;
				CLANG_WARN_INT_CONVERSION = YES;
				CLANG_WARN_NON_LITERAL_NULL_CONVERSION = YES;
				CLANG_WARN_OBJC_IMPLICIT_RETAIN_SELF = YES;
				CLANG_WARN_OBJC_LITERAL_CONVERSION = YES;
				CLANG_WARN_OBJC_ROOT_CLASS = YES_ERROR;
				CLANG_WARN_QUOTED_INCLUDE_IN_FRAMEWORK_HEADER = YES;
				CLANG_WARN_RANGE_LOOP_ANALYSIS = YES;
				CLANG_WARN_STRICT_PROTOTYPES = YES;
				CLANG_WARN_SUSPICIOUS_MOVE = YES;
				CLANG_WARN_UNGUARDED_AVAILABILITY = YES_AGGRESSIVE;
				CLANG_WARN_UNREACHABLE_CODE = YES;
				CLANG_WARN__DUPLICATE_METHOD_MATCH = YES;
				COPY_PHASE_STRIP = NO;
				DEBUG_INFORMATION_FORMAT = "dwarf-with-dsym";
				ENABLE_NS_ASSERTIONS = NO;
				ENABLE_STRICT_OBJC_MSGSEND = YES;
				GCC_C_LANGUAGE_STANDARD = gnu11;
				GCC_NO_COMMON_BLOCKS = YES;
				GCC_WARN_64_TO_32_BIT_CONVERSION = YES;
				GCC_WARN_ABOUT_RETURN_TYPE = YES_ERROR;
				GCC_WARN_UNDECLARED_SELECTOR = YES;
				GCC_WARN_UNINITIALIZED_AUTOS = YES_AGGRESSIVE;
				GCC_WARN_UNUSED_FUNCTION = YES;
				GCC_WARN_UNUSED_VARIABLE = YES;
				IPHONEOS_DEPLOYMENT_TARGET = 14.4;
				MTL_ENABLE_DEBUG_INFO = NO;
				MTL_FAST_MATH = YES;
				SDKROOT = iphoneos;
				SWIFT_COMPILATION_MODE = wholemodule;
				SWIFT_OPTIMIZATION_LEVEL = "-O";
				VALIDATE_PRODUCT = YES;
			};
			name = Release;
		};
		DBDB135A262B7E3A004C82BD /* Debug */ = {
			isa = XCBuildConfiguration;
			buildSettings = {
				ASSETCATALOG_COMPILER_APPICON_NAME = AppIcon;
				ASSETCATALOG_COMPILER_GLOBAL_ACCENT_COLOR_NAME = AccentColor;
				CODE_SIGN_STYLE = Automatic;
				DEVELOPMENT_TEAM = 2L9L899V66;
				INFOPLIST_FILE = Land/Info.plist;
				LD_RUNPATH_SEARCH_PATHS = (
					"$(inherited)",
					"@executable_path/Frameworks",
				);
				PRODUCT_BUNDLE_IDENTIFIER = com.memtarhan.Land;
				PRODUCT_NAME = "$(TARGET_NAME)";
				SWIFT_VERSION = 5.0;
				TARGETED_DEVICE_FAMILY = "1,2";
			};
			name = Debug;
		};
		DBDB135B262B7E3A004C82BD /* Release */ = {
			isa = XCBuildConfiguration;
			buildSettings = {
				ASSETCATALOG_COMPILER_APPICON_NAME = AppIcon;
				ASSETCATALOG_COMPILER_GLOBAL_ACCENT_COLOR_NAME = AccentColor;
				CODE_SIGN_STYLE = Automatic;
				DEVELOPMENT_TEAM = 2L9L899V66;
				INFOPLIST_FILE = Land/Info.plist;
				LD_RUNPATH_SEARCH_PATHS = (
					"$(inherited)",
					"@executable_path/Frameworks",
				);
				PRODUCT_BUNDLE_IDENTIFIER = com.memtarhan.Land;
				PRODUCT_NAME = "$(TARGET_NAME)";
				SWIFT_VERSION = 5.0;
				TARGETED_DEVICE_FAMILY = "1,2";
			};
			name = Release;
		};
/* End XCBuildConfiguration section */

/* Begin XCConfigurationList section */
		DBDB1340262B7E35004C82BD /* Build configuration list for PBXProject "Land" */ = {
			isa = XCConfigurationList;
			buildConfigurations = (
				DBDB1357262B7E3A004C82BD /* Debug */,
				DBDB1358262B7E3A004C82BD /* Release */,
			);
			defaultConfigurationIsVisible = 0;
			defaultConfigurationName = Release;
		};
		DBDB1359262B7E3A004C82BD /* Build configuration list for PBXNativeTarget "Land" */ = {
			isa = XCConfigurationList;
			buildConfigurations = (
				DBDB135A262B7E3A004C82BD /* Debug */,
				DBDB135B262B7E3A004C82BD /* Release */,
			);
			defaultConfigurationIsVisible = 0;
			defaultConfigurationName = Release;
		};
/* End XCConfigurationList section */
	};
	rootObject = DBDB133D262B7E35004C82BD /* Project object */;
}
