// !$*UTF8*$!
{
	archiveVersion = 1;
	classes = {
	};
	objectVersion = 55;
	objects = {

/* Begin PBXBuildFile section */
		4342DD0527C1C06D000AF875 /* AppDelegate.m in Sources */ = {isa = PBXBuildFile; fileRef = 4342DD0427C1C06D000AF875 /* AppDelegate.m */; };
		4342DD0827C1C06D000AF875 /* SceneDelegate.m in Sources */ = {isa = PBXBuildFile; fileRef = 4342DD0727C1C06D000AF875 /* SceneDelegate.m */; };
		4342DD0B27C1C06D000AF875 /* ViewController.m in Sources */ = {isa = PBXBuildFile; fileRef = 4342DD0A27C1C06D000AF875 /* ViewController.m */; };
		4342DD0E27C1C06D000AF875 /* Main.storyboard in Resources */ = {isa = PBXBuildFile; fileRef = 4342DD0C27C1C06D000AF875 /* Main.storyboard */; };
		4342DD1027C1C06F000AF875 /* Assets.xcassets in Resources */ = {isa = PBXBuildFile; fileRef = 4342DD0F27C1C06F000AF875 /* Assets.xcassets */; };
		4342DD1327C1C06F000AF875 /* LaunchScreen.storyboard in Resources */ = {isa = PBXBuildFile; fileRef = 4342DD1127C1C06F000AF875 /* LaunchScreen.storyboard */; };
		4342DD1627C1C06F000AF875 /* main.m in Sources */ = {isa = PBXBuildFile; fileRef = 4342DD1527C1C06F000AF875 /* main.m */; };
		4342DD2027C1C06F000AF875 /* MyCompanyTests.m in Sources */ = {isa = PBXBuildFile; fileRef = 4342DD1F27C1C06F000AF875 /* MyCompanyTests.m */; };
		4342DD2A27C1C06F000AF875 /* MyCompanyUITests.m in Sources */ = {isa = PBXBuildFile; fileRef = 4342DD2927C1C06F000AF875 /* MyCompanyUITests.m */; };
		4342DD2C27C1C06F000AF875 /* MyCompanyUITestsLaunchTests.m in Sources */ = {isa = PBXBuildFile; fileRef = 4342DD2B27C1C06F000AF875 /* MyCompanyUITestsLaunchTests.m */; };
/* End PBXBuildFile section */

/* Begin PBXContainerItemProxy section */
		4342DD1C27C1C06F000AF875 /* PBXContainerItemProxy */ = {
			isa = PBXContainerItemProxy;
			containerPortal = 4342DCF827C1C06D000AF875 /* Project object */;
			proxyType = 1;
			remoteGlobalIDString = 4342DCFF27C1C06D000AF875;
			remoteInfo = MyCompany;
		};
		4342DD2627C1C06F000AF875 /* PBXContainerItemProxy */ = {
			isa = PBXContainerItemProxy;
			containerPortal = 4342DCF827C1C06D000AF875 /* Project object */;
			proxyType = 1;
			remoteGlobalIDString = 4342DCFF27C1C06D000AF875;
			remoteInfo = MyCompany;
		};
/* End PBXContainerItemProxy section */

/* Begin PBXFileReference section */
		4342DD0027C1C06D000AF875 /* MyCompany.app */ = {isa = PBXFileReference; explicitFileType = wrapper.application; includeInIndex = 0; path = MyCompany.app; sourceTree = BUILT_PRODUCTS_DIR; };
		4342DD0327C1C06D000AF875 /* AppDelegate.h */ = {isa = PBXFileReference; lastKnownFileType = sourcecode.c.h; path = AppDelegate.h; sourceTree = "<group>"; };
		4342DD0427C1C06D000AF875 /* AppDelegate.m */ = {isa = PBXFileReference; lastKnownFileType = sourcecode.c.objc; path = AppDelegate.m; sourceTree = "<group>"; };
		4342DD0627C1C06D000AF875 /* SceneDelegate.h */ = {isa = PBXFileReference; lastKnownFileType = sourcecode.c.h; path = SceneDelegate.h; sourceTree = "<group>"; };
		4342DD0727C1C06D000AF875 /* SceneDelegate.m */ = {isa = PBXFileReference; lastKnownFileType = sourcecode.c.objc; path = SceneDelegate.m; sourceTree = "<group>"; };
		4342DD0927C1C06D000AF875 /* ViewController.h */ = {isa = PBXFileReference; lastKnownFileType = sourcecode.c.h; path = ViewController.h; sourceTree = "<group>"; };
		4342DD0A27C1C06D000AF875 /* ViewController.m */ = {isa = PBXFileReference; lastKnownFileType = sourcecode.c.objc; path = ViewController.m; sourceTree = "<group>"; };
		4342DD0D27C1C06D000AF875 /* Base */ = {isa = PBXFileReference; lastKnownFileType = file.storyboard; name = Base; path = Base.lproj/Main.storyboard; sourceTree = "<group>"; };
		4342DD0F27C1C06F000AF875 /* Assets.xcassets */ = {isa = PBXFileReference; lastKnownFileType = folder.assetcatalog; path = Assets.xcassets; sourceTree = "<group>"; };
		4342DD1227C1C06F000AF875 /* Base */ = {isa = PBXFileReference; lastKnownFileType = file.storyboard; name = Base; path = Base.lproj/LaunchScreen.storyboard; sourceTree = "<group>"; };
		4342DD1427C1C06F000AF875 /* Info.plist */ = {isa = PBXFileReference; lastKnownFileType = text.plist.xml; path = Info.plist; sourceTree = "<group>"; };
		4342DD1527C1C06F000AF875 /* main.m */ = {isa = PBXFileReference; lastKnownFileType = sourcecode.c.objc; path = main.m; sourceTree = "<group>"; };
		4342DD1B27C1C06F000AF875 /* MyCompanyTests.xctest */ = {isa = PBXFileReference; explicitFileType = wrapper.cfbundle; includeInIndex = 0; path = MyCompanyTests.xctest; sourceTree = BUILT_PRODUCTS_DIR; };
		4342DD1F27C1C06F000AF875 /* MyCompanyTests.m */ = {isa = PBXFileReference; lastKnownFileType = sourcecode.c.objc; path = MyCompanyTests.m; sourceTree = "<group>"; };
		4342DD2527C1C06F000AF875 /* MyCompanyUITests.xctest */ = {isa = PBXFileReference; explicitFileType = wrapper.cfbundle; includeInIndex = 0; path = MyCompanyUITests.xctest; sourceTree = BUILT_PRODUCTS_DIR; };
		4342DD2927C1C06F000AF875 /* MyCompanyUITests.m */ = {isa = PBXFileReference; lastKnownFileType = sourcecode.c.objc; path = MyCompanyUITests.m; sourceTree = "<group>"; };
		4342DD2B27C1C06F000AF875 /* MyCompanyUITestsLaunchTests.m */ = {isa = PBXFileReference; lastKnownFileType = sourcecode.c.objc; path = MyCompanyUITestsLaunchTests.m; sourceTree = "<group>"; };
/* End PBXFileReference section */

/* Begin PBXFrameworksBuildPhase section */
		4342DCFD27C1C06D000AF875 /* Frameworks */ = {
			isa = PBXFrameworksBuildPhase;
			buildActionMask = 2147483647;
			files = (
			);
			runOnlyForDeploymentPostprocessing = 0;
		};
		4342DD1827C1C06F000AF875 /* Frameworks */ = {
			isa = PBXFrameworksBuildPhase;
			buildActionMask = 2147483647;
			files = (
			);
			runOnlyForDeploymentPostprocessing = 0;
		};
		4342DD2227C1C06F000AF875 /* Frameworks */ = {
			isa = PBXFrameworksBuildPhase;
			buildActionMask = 2147483647;
			files = (
			);
			runOnlyForDeploymentPostprocessing = 0;
		};
/* End PBXFrameworksBuildPhase section */

/* Begin PBXGroup section */
		4342DCF727C1C06D000AF875 = {
			isa = PBXGroup;
			children = (
				4342DD0227C1C06D000AF875 /* MyCompany */,
				4342DD1E27C1C06F000AF875 /* MyCompanyTests */,
				4342DD2827C1C06F000AF875 /* MyCompanyUITests */,
				4342DD0127C1C06D000AF875 /* Products */,
			);
			sourceTree = "<group>";
		};
		4342DD0127C1C06D000AF875 /* Products */ = {
			isa = PBXGroup;
			children = (
				4342DD0027C1C06D000AF875 /* MyCompany.app */,
				4342DD1B27C1C06F000AF875 /* MyCompanyTests.xctest */,
				4342DD2527C1C06F000AF875 /* MyCompanyUITests.xctest */,
			);
			name = Products;
			sourceTree = "<group>";
		};
		4342DD0227C1C06D000AF875 /* MyCompany */ = {
			isa = PBXGroup;
			children = (
				4342DD0327C1C06D000AF875 /* AppDelegate.h */,
				4342DD0427C1C06D000AF875 /* AppDelegate.m */,
				4342DD0627C1C06D000AF875 /* SceneDelegate.h */,
				4342DD0727C1C06D000AF875 /* SceneDelegate.m */,
				4342DD0927C1C06D000AF875 /* ViewController.h */,
				4342DD0A27C1C06D000AF875 /* ViewController.m */,
				4342DD0C27C1C06D000AF875 /* Main.storyboard */,
				4342DD0F27C1C06F000AF875 /* Assets.xcassets */,
				4342DD1127C1C06F000AF875 /* LaunchScreen.storyboard */,
				4342DD1427C1C06F000AF875 /* Info.plist */,
				4342DD1527C1C06F000AF875 /* main.m */,
			);
			path = MyCompany;
			sourceTree = "<group>";
		};
		4342DD1E27C1C06F000AF875 /* MyCompanyTests */ = {
			isa = PBXGroup;
			children = (
				4342DD1F27C1C06F000AF875 /* MyCompanyTests.m */,
			);
			path = MyCompanyTests;
			sourceTree = "<group>";
		};
		4342DD2827C1C06F000AF875 /* MyCompanyUITests */ = {
			isa = PBXGroup;
			children = (
				4342DD2927C1C06F000AF875 /* MyCompanyUITests.m */,
				4342DD2B27C1C06F000AF875 /* MyCompanyUITestsLaunchTests.m */,
			);
			path = MyCompanyUITests;
			sourceTree = "<group>";
		};
/* End PBXGroup section */

/* Begin PBXNativeTarget section */
		4342DCFF27C1C06D000AF875 /* MyCompany */ = {
			isa = PBXNativeTarget;
			buildConfigurationList = 4342DD2F27C1C06F000AF875 /* Build configuration list for PBXNativeTarget "MyCompany" */;
			buildPhases = (
				4342DCFC27C1C06D000AF875 /* Sources */,
				4342DCFD27C1C06D000AF875 /* Frameworks */,
				4342DCFE27C1C06D000AF875 /* Resources */,
			);
			buildRules = (
			);
			dependencies = (
			);
			name = MyCompany;
			productName = MyCompany;
			productReference = 4342DD0027C1C06D000AF875 /* MyCompany.app */;
			productType = "com.apple.product-type.application";
		};
		4342DD1A27C1C06F000AF875 /* MyCompanyTests */ = {
			isa = PBXNativeTarget;
			buildConfigurationList = 4342DD3227C1C06F000AF875 /* Build configuration list for PBXNativeTarget "MyCompanyTests" */;
			buildPhases = (
				4342DD1727C1C06F000AF875 /* Sources */,
				4342DD1827C1C06F000AF875 /* Frameworks */,
				4342DD1927C1C06F000AF875 /* Resources */,
			);
			buildRules = (
			);
			dependencies = (
				4342DD1D27C1C06F000AF875 /* PBXTargetDependency */,
			);
			name = MyCompanyTests;
			productName = MyCompanyTests;
			productReference = 4342DD1B27C1C06F000AF875 /* MyCompanyTests.xctest */;
			productType = "com.apple.product-type.bundle.unit-test";
		};
		4342DD2427C1C06F000AF875 /* MyCompanyUITests */ = {
			isa = PBXNativeTarget;
			buildConfigurationList = 4342DD3527C1C06F000AF875 /* Build configuration list for PBXNativeTarget "MyCompanyUITests" */;
			buildPhases = (
				4342DD2127C1C06F000AF875 /* Sources */,
				4342DD2227C1C06F000AF875 /* Frameworks */,
				4342DD2327C1C06F000AF875 /* Resources */,
			);
			buildRules = (
			);
			dependencies = (
				4342DD2727C1C06F000AF875 /* PBXTargetDependency */,
			);
			name = MyCompanyUITests;
			productName = MyCompanyUITests;
			productReference = 4342DD2527C1C06F000AF875 /* MyCompanyUITests.xctest */;
			productType = "com.apple.product-type.bundle.ui-testing";
		};
/* End PBXNativeTarget section */

/* Begin PBXProject section */
		4342DCF827C1C06D000AF875 /* Project object */ = {
			isa = PBXProject;
			attributes = {
				BuildIndependentTargetsInParallel = 1;
				LastUpgradeCheck = 1320;
				TargetAttributes = {
					4342DCFF27C1C06D000AF875 = {
						CreatedOnToolsVersion = 13.2.1;
					};
					4342DD1A27C1C06F000AF875 = {
						CreatedOnToolsVersion = 13.2.1;
						TestTargetID = 4342DCFF27C1C06D000AF875;
					};
					4342DD2427C1C06F000AF875 = {
						CreatedOnToolsVersion = 13.2.1;
						TestTargetID = 4342DCFF27C1C06D000AF875;
					};
				};
			};
			buildConfigurationList = 4342DCFB27C1C06D000AF875 /* Build configuration list for PBXProject "MyCompany" */;
			compatibilityVersion = "Xcode 13.0";
			developmentRegion = en;
			hasScannedForEncodings = 0;
			knownRegions = (
				en,
				Base,
			);
			mainGroup = 4342DCF727C1C06D000AF875;
			productRefGroup = 4342DD0127C1C06D000AF875 /* Products */;
			projectDirPath = "";
			projectRoot = "";
			targets = (
				4342DCFF27C1C06D000AF875 /* MyCompany */,
				4342DD1A27C1C06F000AF875 /* MyCompanyTests */,
				4342DD2427C1C06F000AF875 /* MyCompanyUITests */,
			);
		};
/* End PBXProject section */

/* Begin PBXResourcesBuildPhase section */
		4342DCFE27C1C06D000AF875 /* Resources */ = {
			isa = PBXResourcesBuildPhase;
			buildActionMask = 2147483647;
			files = (
				4342DD1327C1C06F000AF875 /* LaunchScreen.storyboard in Resources */,
				4342DD1027C1C06F000AF875 /* Assets.xcassets in Resources */,
				4342DD0E27C1C06D000AF875 /* Main.storyboard in Resources */,
			);
			runOnlyForDeploymentPostprocessing = 0;
		};
		4342DD1927C1C06F000AF875 /* Resources */ = {
			isa = PBXResourcesBuildPhase;
			buildActionMask = 2147483647;
			files = (
			);
			runOnlyForDeploymentPostprocessing = 0;
		};
		4342DD2327C1C06F000AF875 /* Resources */ = {
			isa = PBXResourcesBuildPhase;
			buildActionMask = 2147483647;
			files = (
			);
			runOnlyForDeploymentPostprocessing = 0;
		};
/* End PBXResourcesBuildPhase section */

/* Begin PBXSourcesBuildPhase section */
		4342DCFC27C1C06D000AF875 /* Sources */ = {
			isa = PBXSourcesBuildPhase;
			buildActionMask = 2147483647;
			files = (
				4342DD0B27C1C06D000AF875 /* ViewController.m in Sources */,
				4342DD0527C1C06D000AF875 /* AppDelegate.m in Sources */,
				4342DD1627C1C06F000AF875 /* main.m in Sources */,
				4342DD0827C1C06D000AF875 /* SceneDelegate.m in Sources */,
			);
			runOnlyForDeploymentPostprocessing = 0;
		};
		4342DD1727C1C06F000AF875 /* Sources */ = {
			isa = PBXSourcesBuildPhase;
			buildActionMask = 2147483647;
			files = (
				4342DD2027C1C06F000AF875 /* MyCompanyTests.m in Sources */,
			);
			runOnlyForDeploymentPostprocessing = 0;
		};
		4342DD2127C1C06F000AF875 /* Sources */ = {
			isa = PBXSourcesBuildPhase;
			buildActionMask = 2147483647;
			files = (
				4342DD2C27C1C06F000AF875 /* MyCompanyUITestsLaunchTests.m in Sources */,
				4342DD2A27C1C06F000AF875 /* MyCompanyUITests.m in Sources */,
			);
			runOnlyForDeploymentPostprocessing = 0;
		};
/* End PBXSourcesBuildPhase section */

/* Begin PBXTargetDependency section */
		4342DD1D27C1C06F000AF875 /* PBXTargetDependency */ = {
			isa = PBXTargetDependency;
			target = 4342DCFF27C1C06D000AF875 /* MyCompany */;
			targetProxy = 4342DD1C27C1C06F000AF875 /* PBXContainerItemProxy */;
		};
		4342DD2727C1C06F000AF875 /* PBXTargetDependency */ = {
			isa = PBXTargetDependency;
			target = 4342DCFF27C1C06D000AF875 /* MyCompany */;
			targetProxy = 4342DD2627C1C06F000AF875 /* PBXContainerItemProxy */;
		};
/* End PBXTargetDependency section */

/* Begin PBXVariantGroup section */
		4342DD0C27C1C06D000AF875 /* Main.storyboard */ = {
			isa = PBXVariantGroup;
			children = (
				4342DD0D27C1C06D000AF875 /* Base */,
			);
			name = Main.storyboard;
			sourceTree = "<group>";
		};
		4342DD1127C1C06F000AF875 /* LaunchScreen.storyboard */ = {
			isa = PBXVariantGroup;
			children = (
				4342DD1227C1C06F000AF875 /* Base */,
			);
			name = LaunchScreen.storyboard;
			sourceTree = "<group>";
		};
/* End PBXVariantGroup section */

/* Begin XCBuildConfiguration section */
		4342DD2D27C1C06F000AF875 /* Debug */ = {
			isa = XCBuildConfiguration;
			buildSettings = {
				ALWAYS_SEARCH_USER_PATHS = NO;
				CLANG_ANALYZER_NONNULL = YES;
				CLANG_ANALYZER_NUMBER_OBJECT_CONVERSION = YES_AGGRESSIVE;
				CLANG_CXX_LANGUAGE_STANDARD = "gnu++17";
				CLANG_CXX_LIBRARY = "libc++";
				CLANG_ENABLE_MODULES = YES;
				CLANG_ENABLE_OBJC_ARC = YES;
				CLANG_ENABLE_OBJC_WEAK = YES;
				CLANG_WARN_BLOCK_CAPTURE_AUTORELEASING = YES;
				CLANG_WARN_BOOL_CONVERSION = YES;
				CLANG_WARN_COMMA = YES;
				CLANG_WARN_CONSTANT_CONVERSION = YES;
				CLANG_WARN_DEPRECATED_OBJC_IMPLEMENTATIONS = YES;
				CLANG_WARN_DIRECT_OBJC_ISA_USAGE = YES_ERROR;
				CLANG_WARN_DOCUMENTATION_COMMENTS = YES;
				CLANG_WARN_EMPTY_BODY = YES;
				CLANG_WARN_ENUM_CONVERSION = YES;
				CLANG_WARN_INFINITE_RECURSION = YES;
				CLANG_WARN_INT_CONVERSION = YES;
				CLANG_WARN_NON_LITERAL_NULL_CONVERSION = YES;
				CLANG_WARN_OBJC_IMPLICIT_RETAIN_SELF = YES;
				CLANG_WARN_OBJC_LITERAL_CONVERSION = YES;
				CLANG_WARN_OBJC_ROOT_CLASS = YES_ERROR;
				CLANG_WARN_QUOTED_INCLUDE_IN_FRAMEWORK_HEADER = YES;
				CLANG_WARN_RANGE_LOOP_ANALYSIS = YES;
				CLANG_WARN_STRICT_PROTOTYPES = YES;
				CLANG_WARN_SUSPICIOUS_MOVE = YES;
				CLANG_WARN_UNGUARDED_AVAILABILITY = YES_AGGRESSIVE;
				CLANG_WARN_UNREACHABLE_CODE = YES;
				CLANG_WARN__DUPLICATE_METHOD_MATCH = YES;
				COPY_PHASE_STRIP = NO;
				DEBUG_INFORMATION_FORMAT = dwarf;
				ENABLE_STRICT_OBJC_MSGSEND = YES;
				ENABLE_TESTABILITY = YES;
				GCC_C_LANGUAGE_STANDARD = gnu11;
				GCC_DYNAMIC_NO_PIC = NO;
				GCC_NO_COMMON_BLOCKS = YES;
				GCC_OPTIMIZATION_LEVEL = 0;
				GCC_PREPROCESSOR_DEFINITIONS = (
					"DEBUG=1",
					"$(inherited)",
				);
				GCC_WARN_64_TO_32_BIT_CONVERSION = YES;
				GCC_WARN_ABOUT_RETURN_TYPE = YES_ERROR;
				GCC_WARN_UNDECLARED_SELECTOR = YES;
				GCC_WARN_UNINITIALIZED_AUTOS = YES_AGGRESSIVE;
				GCC_WARN_UNUSED_FUNCTION = YES;
				GCC_WARN_UNUSED_VARIABLE = YES;
				IPHONEOS_DEPLOYMENT_TARGET = 15.2;
				MTL_ENABLE_DEBUG_INFO = INCLUDE_SOURCE;
				MTL_FAST_MATH = YES;
				ONLY_ACTIVE_ARCH = YES;
				SDKROOT = iphoneos;
			};
			name = Debug;
		};
		4342DD2E27C1C06F000AF875 /* Release */ = {
			isa = XCBuildConfiguration;
			buildSettings = {
				ALWAYS_SEARCH_USER_PATHS = NO;
				CLANG_ANALYZER_NONNULL = YES;
				CLANG_ANALYZER_NUMBER_OBJECT_CONVERSION = YES_AGGRESSIVE;
				CLANG_CXX_LANGUAGE_STANDARD = "gnu++17";
				CLANG_CXX_LIBRARY = "libc++";
				CLANG_ENABLE_MODULES = YES;
				CLANG_ENABLE_OBJC_ARC = YES;
				CLANG_ENABLE_OBJC_WEAK = YES;
				CLANG_WARN_BLOCK_CAPTURE_AUTORELEASING = YES;
				CLANG_WARN_BOOL_CONVERSION = YES;
				CLANG_WARN_COMMA = YES;
				CLANG_WARN_CONSTANT_CONVERSION = YES;
				CLANG_WARN_DEPRECATED_OBJC_IMPLEMENTATIONS = YES;
				CLANG_WARN_DIRECT_OBJC_ISA_USAGE = YES_ERROR;
				CLANG_WARN_DOCUMENTATION_COMMENTS = YES;
				CLANG_WARN_EMPTY_BODY = YES;
				CLANG_WARN_ENUM_CONVERSION = YES;
				CLANG_WARN_INFINITE_RECURSION = YES;
				CLANG_WARN_INT_CONVERSION = YES;
				CLANG_WARN_NON_LITERAL_NULL_CONVERSION = YES;
				CLANG_WARN_OBJC_IMPLICIT_RETAIN_SELF = YES;
				CLANG_WARN_OBJC_LITERAL_CONVERSION = YES;
				CLANG_WARN_OBJC_ROOT_CLASS = YES_ERROR;
				CLANG_WARN_QUOTED_INCLUDE_IN_FRAMEWORK_HEADER = YES;
				CLANG_WARN_RANGE_LOOP_ANALYSIS = YES;
				CLANG_WARN_STRICT_PROTOTYPES = YES;
				CLANG_WARN_SUSPICIOUS_MOVE = YES;
				CLANG_WARN_UNGUARDED_AVAILABILITY = YES_AGGRESSIVE;
				CLANG_WARN_UNREACHABLE_CODE = YES;
				CLANG_WARN__DUPLICATE_METHOD_MATCH = YES;
				COPY_PHASE_STRIP = NO;
				DEBUG_INFORMATION_FORMAT = "dwarf-with-dsym";
				ENABLE_NS_ASSERTIONS = NO;
				ENABLE_STRICT_OBJC_MSGSEND = YES;
				GCC_C_LANGUAGE_STANDARD = gnu11;
				GCC_NO_COMMON_BLOCKS = YES;
				GCC_WARN_64_TO_32_BIT_CONVERSION = YES;
				GCC_WARN_ABOUT_RETURN_TYPE = YES_ERROR;
				GCC_WARN_UNDECLARED_SELECTOR = YES;
				GCC_WARN_UNINITIALIZED_AUTOS = YES_AGGRESSIVE;
				GCC_WARN_UNUSED_FUNCTION = YES;
				GCC_WARN_UNUSED_VARIABLE = YES;
				IPHONEOS_DEPLOYMENT_TARGET = 15.2;
				MTL_ENABLE_DEBUG_INFO = NO;
				MTL_FAST_MATH = YES;
				SDKROOT = iphoneos;
				VALIDATE_PRODUCT = YES;
			};
			name = Release;
		};
		4342DD3027C1C06F000AF875 /* Debug */ = {
			isa = XCBuildConfiguration;
			buildSettings = {
				ASSETCATALOG_COMPILER_APPICON_NAME = AppIcon;
				ASSETCATALOG_COMPILER_GLOBAL_ACCENT_COLOR_NAME = AccentColor;
				CODE_SIGN_STYLE = Automatic;
				CURRENT_PROJECT_VERSION = 1;
				DEVELOPMENT_TEAM = 2L9L899V66;
				GENERATE_INFOPLIST_FILE = YES;
				INFOPLIST_FILE = MyCompany/Info.plist;
				INFOPLIST_KEY_UIApplicationSupportsIndirectInputEvents = YES;
				INFOPLIST_KEY_UILaunchStoryboardName = LaunchScreen;
				INFOPLIST_KEY_UIMainStoryboardFile = Main;
				INFOPLIST_KEY_UISupportedInterfaceOrientations_iPad = "UIInterfaceOrientationPortrait UIInterfaceOrientationPortraitUpsideDown UIInterfaceOrientationLandscapeLeft UIInterfaceOrientationLandscapeRight";
				INFOPLIST_KEY_UISupportedInterfaceOrientations_iPhone = "UIInterfaceOrientationPortrait UIInterfaceOrientationLandscapeLeft UIInterfaceOrientationLandscapeRight";
				LD_RUNPATH_SEARCH_PATHS = (
					"$(inherited)",
					"@executable_path/Frameworks",
				);
				MARKETING_VERSION = 1.0;
				PRODUCT_BUNDLE_IDENTIFIER = MEMTARHAN.MyCompany;
				PRODUCT_NAME = "$(TARGET_NAME)";
				SWIFT_EMIT_LOC_STRINGS = YES;
				TARGETED_DEVICE_FAMILY = "1,2";
			};
			name = Debug;
		};
		4342DD3127C1C06F000AF875 /* Release */ = {
			isa = XCBuildConfiguration;
			buildSettings = {
				ASSETCATALOG_COMPILER_APPICON_NAME = AppIcon;
				ASSETCATALOG_COMPILER_GLOBAL_ACCENT_COLOR_NAME = AccentColor;
				CODE_SIGN_STYLE = Automatic;
				CURRENT_PROJECT_VERSION = 1;
				DEVELOPMENT_TEAM = 2L9L899V66;
				GENERATE_INFOPLIST_FILE = YES;
				INFOPLIST_FILE = MyCompany/Info.plist;
				INFOPLIST_KEY_UIApplicationSupportsIndirectInputEvents = YES;
				INFOPLIST_KEY_UILaunchStoryboardName = LaunchScreen;
				INFOPLIST_KEY_UIMainStoryboardFile = Main;
				INFOPLIST_KEY_UISupportedInterfaceOrientations_iPad = "UIInterfaceOrientationPortrait UIInterfaceOrientationPortraitUpsideDown UIInterfaceOrientationLandscapeLeft UIInterfaceOrientationLandscapeRight";
				INFOPLIST_KEY_UISupportedInterfaceOrientations_iPhone = "UIInterfaceOrientationPortrait UIInterfaceOrientationLandscapeLeft UIInterfaceOrientationLandscapeRight";
				LD_RUNPATH_SEARCH_PATHS = (
					"$(inherited)",
					"@executable_path/Frameworks",
				);
				MARKETING_VERSION = 1.0;
				PRODUCT_BUNDLE_IDENTIFIER = MEMTARHAN.MyCompany;
				PRODUCT_NAME = "$(TARGET_NAME)";
				SWIFT_EMIT_LOC_STRINGS = YES;
				TARGETED_DEVICE_FAMILY = "1,2";
			};
			name = Release;
		};
		4342DD3327C1C06F000AF875 /* Debug */ = {
			isa = XCBuildConfiguration;
			buildSettings = {
				BUNDLE_LOADER = "$(TEST_HOST)";
				CODE_SIGN_STYLE = Automatic;
				CURRENT_PROJECT_VERSION = 1;
				DEVELOPMENT_TEAM = 2L9L899V66;
				GENERATE_INFOPLIST_FILE = YES;
				IPHONEOS_DEPLOYMENT_TARGET = 15.2;
				MARKETING_VERSION = 1.0;
				PRODUCT_BUNDLE_IDENTIFIER = MEMTARHAN.MyCompanyTests;
				PRODUCT_NAME = "$(TARGET_NAME)";
				SWIFT_EMIT_LOC_STRINGS = NO;
				TARGETED_DEVICE_FAMILY = "1,2";
				TEST_HOST = "$(BUILT_PRODUCTS_DIR)/MyCompany.app/MyCompany";
			};
			name = Debug;
		};
		4342DD3427C1C06F000AF875 /* Release */ = {
			isa = XCBuildConfiguration;
			buildSettings = {
				BUNDLE_LOADER = "$(TEST_HOST)";
				CODE_SIGN_STYLE = Automatic;
				CURRENT_PROJECT_VERSION = 1;
				DEVELOPMENT_TEAM = 2L9L899V66;
				GENERATE_INFOPLIST_FILE = YES;
				IPHONEOS_DEPLOYMENT_TARGET = 15.2;
				MARKETING_VERSION = 1.0;
				PRODUCT_BUNDLE_IDENTIFIER = MEMTARHAN.MyCompanyTests;
				PRODUCT_NAME = "$(TARGET_NAME)";
				SWIFT_EMIT_LOC_STRINGS = NO;
				TARGETED_DEVICE_FAMILY = "1,2";
				TEST_HOST = "$(BUILT_PRODUCTS_DIR)/MyCompany.app/MyCompany";
			};
			name = Release;
		};
		4342DD3627C1C06F000AF875 /* Debug */ = {
			isa = XCBuildConfiguration;
			buildSettings = {
				CODE_SIGN_STYLE = Automatic;
				CURRENT_PROJECT_VERSION = 1;
				DEVELOPMENT_TEAM = 2L9L899V66;
				GENERATE_INFOPLIST_FILE = YES;
				MARKETING_VERSION = 1.0;
				PRODUCT_BUNDLE_IDENTIFIER = MEMTARHAN.MyCompanyUITests;
				PRODUCT_NAME = "$(TARGET_NAME)";
				SWIFT_EMIT_LOC_STRINGS = NO;
				TARGETED_DEVICE_FAMILY = "1,2";
				TEST_TARGET_NAME = MyCompany;
			};
			name = Debug;
		};
		4342DD3727C1C06F000AF875 /* Release */ = {
			isa = XCBuildConfiguration;
			buildSettings = {
				CODE_SIGN_STYLE = Automatic;
				CURRENT_PROJECT_VERSION = 1;
				DEVELOPMENT_TEAM = 2L9L899V66;
				GENERATE_INFOPLIST_FILE = YES;
				MARKETING_VERSION = 1.0;
				PRODUCT_BUNDLE_IDENTIFIER = MEMTARHAN.MyCompanyUITests;
				PRODUCT_NAME = "$(TARGET_NAME)";
				SWIFT_EMIT_LOC_STRINGS = NO;
				TARGETED_DEVICE_FAMILY = "1,2";
				TEST_TARGET_NAME = MyCompany;
			};
			name = Release;
		};
/* End XCBuildConfiguration section */

/* Begin XCConfigurationList section */
		4342DCFB27C1C06D000AF875 /* Build configuration list for PBXProject "MyCompany" */ = {
			isa = XCConfigurationList;
			buildConfigurations = (
				4342DD2D27C1C06F000AF875 /* Debug */,
				4342DD2E27C1C06F000AF875 /* Release */,
			);
			defaultConfigurationIsVisible = 0;
			defaultConfigurationName = Release;
		};
		4342DD2F27C1C06F000AF875 /* Build configuration list for PBXNativeTarget "MyCompany" */ = {
			isa = XCConfigurationList;
			buildConfigurations = (
				4342DD3027C1C06F000AF875 /* Debug */,
				4342DD3127C1C06F000AF875 /* Release */,
			);
			defaultConfigurationIsVisible = 0;
			defaultConfigurationName = Release;
		};
		4342DD3227C1C06F000AF875 /* Build configuration list for PBXNativeTarget "MyCompanyTests" */ = {
			isa = XCConfigurationList;
			buildConfigurations = (
				4342DD3327C1C06F000AF875 /* Debug */,
				4342DD3427C1C06F000AF875 /* Release */,
			);
			defaultConfigurationIsVisible = 0;
			defaultConfigurationName = Release;
		};
		4342DD3527C1C06F000AF875 /* Build configuration list for PBXNativeTarget "MyCompanyUITests" */ = {
			isa = XCConfigurationList;
			buildConfigurations = (
				4342DD3627C1C06F000AF875 /* Debug */,
				4342DD3727C1C06F000AF875 /* Release */,
			);
			defaultConfigurationIsVisible = 0;
			defaultConfigurationName = Release;
		};
/* End XCConfigurationList section */
	};
	rootObject = 4342DCF827C1C06D000AF875 /* Project object */;
}
